
Microsoft Visual Studio Solution File, Format Version 12.00
# Visual Studio Version 16
VisualStudioVersion = 16.0.31205.134
MinimumVisualStudioVersion = 10.0.40219.1
Project("{FAE04EC0-301F-11D3-BF4B-00C04F79EFBC}") = "E-BaghdadLibrary", "E-BaghdadLibrary\E-BaghdadLibrary.csproj", "{9DA09E37-0B56-4D02-B835-FAE192EEEBA4}"
EndProject
Global
	GlobalSection(SolutionConfigurationPlatforms) = preSolution
		Debug|Any CPU = Debug|Any CPU
		Release|Any CPU = Release|Any CPU
	EndGlobalSection
	GlobalSection(ProjectConfigurationPlatforms) = postSolution
		{9DA09E37-0B56-4D02-B835-FAE192EEEBA4}.Debug|Any CPU.ActiveCfg = Debug|Any CPU
		{9DA09E37-0B56-4D02-B835-FAE192EEEBA4}.Debug|Any CPU.Build.0 = Debug|Any CPU
		{9DA09E37-0B56-4D02-B835-FAE192EEEBA4}.Release|Any CPU.ActiveCfg = Release|Any CPU
		{9DA09E37-0B56-4D02-B835-FAE192EEEBA4}.Release|Any CPU.Build.0 = Release|Any CPU
	EndGlobalSection
	GlobalSection(SolutionProperties) = preSolution
		HideSolutionNode = FALSE
	EndGlobalSection
	GlobalSection(ExtensibilityGlobals) = postSolution
		SolutionGuid = {FC1385C4-DC1C-4638-9982-57F2D532CFF4}
	EndGlobalSection
EndGlobal
